
Microsoft Visual Studio Solution File, Format Version 12.00
# Visual Studio Version 17
VisualStudioVersion = 17.14.36518.9 d17.14
MinimumVisualStudioVersion = 10.0.40219.1
Project("{FAE04EC0-301F-11D3-BF4B-00C04F79EFBC}") = "simple", "simple.csproj", "{CEDB15D0-E594-4237-97DF-82473AB06A61}"
EndProject
Global
	GlobalSection(SolutionConfigurationPlatforms) = preSolution
		Debug|Any CPU = Debug|Any CPU
		Release|Any CPU = Release|Any CPU
	EndGlobalSection
	GlobalSection(ProjectConfigurationPlatforms) = postSolution
		{CEDB15D0-E594-4237-97DF-82473AB06A61}.Debug|Any CPU.ActiveCfg = Debug|Any CPU
		{CEDB15D0-E594-4237-97DF-82473AB06A61}.Debug|Any CPU.Build.0 = Debug|Any CPU
		{CEDB15D0-E594-4237-97DF-82473AB06A61}.Release|Any CPU.ActiveCfg = Release|Any CPU
		{CEDB15D0-E594-4237-97DF-82473AB06A61}.Release|Any CPU.Build.0 = Release|Any CPU
	EndGlobalSection
	GlobalSection(SolutionProperties) = preSolution
		HideSolutionNode = FALSE
	EndGlobalSection
	GlobalSection(ExtensibilityGlobals) = postSolution
		SolutionGuid = {284AA594-21EB-4968-AA3C-572E31483985}
	EndGlobalSection
EndGlobal
